// !$*UTF8*$!
{
	archiveVersion = 1;
	classes = {
	};
	objectVersion = 55;
	objects = {

/* Begin PBXBuildFile section */
		9C05B7D0295BCE24001E26FE /* LocationsListSectionHeader.swift in Sources */ = {isa = PBXBuildFile; fileRef = 9C05B7CF295BCE24001E26FE /* LocationsListSectionHeader.swift */; };
		9C280F1D28D2DD5500A4EBC7 /* WeatherFetchingService.swift in Sources */ = {isa = PBXBuildFile; fileRef = 9C280F1C28D2DD5500A4EBC7 /* WeatherFetchingService.swift */; };
		9C280F2128D4037900A4EBC7 /* GeocodingService.swift in Sources */ = {isa = PBXBuildFile; fileRef = 9C280F2028D4037900A4EBC7 /* GeocodingService.swift */; };
		9C280F2328D4262200A4EBC7 /* Weather.swift in Sources */ = {isa = PBXBuildFile; fileRef = 9C280F2228D4262200A4EBC7 /* Weather.swift */; };
		9C2E8E4728D15ADA00FFFB69 /* AppDelegate.swift in Sources */ = {isa = PBXBuildFile; fileRef = 9C2E8E4628D15ADA00FFFB69 /* AppDelegate.swift */; };
		9C2E8E4928D15ADA00FFFB69 /* SceneDelegate.swift in Sources */ = {isa = PBXBuildFile; fileRef = 9C2E8E4828D15ADA00FFFB69 /* SceneDelegate.swift */; };
		9C2E8E5028D15ADB00FFFB69 /* Assets.xcassets in Resources */ = {isa = PBXBuildFile; fileRef = 9C2E8E4F28D15ADB00FFFB69 /* Assets.xcassets */; };
		9C2E8E5328D15ADB00FFFB69 /* LaunchScreen.storyboard in Resources */ = {isa = PBXBuildFile; fileRef = 9C2E8E5128D15ADB00FFFB69 /* LaunchScreen.storyboard */; };
		9C34A55428EA663B003FD3AA /* CurrentWeatherView.swift in Sources */ = {isa = PBXBuildFile; fileRef = 9C34A55328EA663B003FD3AA /* CurrentWeatherView.swift */; };
		9C34A55628EA6D45003FD3AA /* WeatherParametersView.swift in Sources */ = {isa = PBXBuildFile; fileRef = 9C34A55528EA6D45003FD3AA /* WeatherParametersView.swift */; };
		9C34A55828EBCE17003FD3AA /* UIColorExtension.swift in Sources */ = {isa = PBXBuildFile; fileRef = 9C34A55728EBCE17003FD3AA /* UIColorExtension.swift */; };
		9C34A55A28ED398A003FD3AA /* WeatherPagesViewController.swift in Sources */ = {isa = PBXBuildFile; fileRef = 9C34A55928ED398A003FD3AA /* WeatherPagesViewController.swift */; };
		9C34A55C28ED4796003FD3AA /* WeatherController.swift in Sources */ = {isa = PBXBuildFile; fileRef = 9C34A55B28ED4796003FD3AA /* WeatherController.swift */; };
		9C34A56228EE88DF003FD3AA /* WeatherBuddy.xcdatamodeld in Sources */ = {isa = PBXBuildFile; fileRef = 9C34A56028EE88DF003FD3AA /* WeatherBuddy.xcdatamodeld */; };
		9C34A56428EE8A21003FD3AA /* CoreDataStack.swift in Sources */ = {isa = PBXBuildFile; fileRef = 9C34A56328EE8A21003FD3AA /* CoreDataStack.swift */; };
		9C34A56D28EE90E1003FD3AA /* Location+CoreDataClass.swift in Sources */ = {isa = PBXBuildFile; fileRef = 9C34A56B28EE90E1003FD3AA /* Location+CoreDataClass.swift */; };
		9C34A56E28EE90E1003FD3AA /* Location+CoreDataProperties.swift in Sources */ = {isa = PBXBuildFile; fileRef = 9C34A56C28EE90E1003FD3AA /* Location+CoreDataProperties.swift */; };
		9C34A57028F2A99C003FD3AA /* LocationsListVIewModel.swift in Sources */ = {isa = PBXBuildFile; fileRef = 9C34A56F28F2A99C003FD3AA /* LocationsListVIewModel.swift */; };
		9C34A57228F2AA90003FD3AA /* LocationsListCellViewModel.swift in Sources */ = {isa = PBXBuildFile; fileRef = 9C34A57128F2AA90003FD3AA /* LocationsListCellViewModel.swift */; };
		9C34A57628F3CC02003FD3AA /* BriefCurrentWeather.swift in Sources */ = {isa = PBXBuildFile; fileRef = 9C34A57528F3CC02003FD3AA /* BriefCurrentWeather.swift */; };
		9C34A59A28F48F2D003FD3AA /* LocationsListViewController.swift in Sources */ = {isa = PBXBuildFile; fileRef = 9C34A59928F48F2D003FD3AA /* LocationsListViewController.swift */; };
		9C34A59C28F503DB003FD3AA /* LocationsListTableViewCell.swift in Sources */ = {isa = PBXBuildFile; fileRef = 9C34A59B28F503DB003FD3AA /* LocationsListTableViewCell.swift */; };
		9C52443228D9688D001864A9 /* ForecastResponse.swift in Sources */ = {isa = PBXBuildFile; fileRef = 9C52443128D9688D001864A9 /* ForecastResponse.swift */; };
		9C52443428D978A5001864A9 /* HourlyForecastCellViewModel.swift in Sources */ = {isa = PBXBuildFile; fileRef = 9C52443328D978A5001864A9 /* HourlyForecastCellViewModel.swift */; };
		9C52443628D978B7001864A9 /* DailyForecastCellViewModel.swift in Sources */ = {isa = PBXBuildFile; fileRef = 9C52443528D978B7001864A9 /* DailyForecastCellViewModel.swift */; };
		9C60030928F7A53C00EF95BA /* SearchTableViewController.swift in Sources */ = {isa = PBXBuildFile; fileRef = 9C60030828F7A53C00EF95BA /* SearchTableViewController.swift */; };
		9C60030D28F908D800EF95BA /* SearchingService.swift in Sources */ = {isa = PBXBuildFile; fileRef = 9C60030C28F908D800EF95BA /* SearchingService.swift */; };
		9C60031128FE2EAB00EF95BA /* LocationsListDataSource.swift in Sources */ = {isa = PBXBuildFile; fileRef = 9C60031028FE2EAB00EF95BA /* LocationsListDataSource.swift */; };
		9CA55F60295D3CE100BD028D /* PushAnimator.swift in Sources */ = {isa = PBXBuildFile; fileRef = 9CA55F5F295D3CE100BD028D /* PushAnimator.swift */; };
		9CC3E7CA28D642440033DD0F /* WeatherDetailView.swift in Sources */ = {isa = PBXBuildFile; fileRef = 9CC3E7C928D642440033DD0F /* WeatherDetailView.swift */; };
		9CC3E7CC28D652850033DD0F /* LocationWeatherViewController.swift in Sources */ = {isa = PBXBuildFile; fileRef = 9CC3E7CB28D652850033DD0F /* LocationWeatherViewController.swift */; };
		9CC3E7CE28D7F6850033DD0F /* LocationService.swift in Sources */ = {isa = PBXBuildFile; fileRef = 9CC3E7CD28D7F6850033DD0F /* LocationService.swift */; };
		9CC3E7D028D802A00033DD0F /* DetailWeatherViewModel.swift in Sources */ = {isa = PBXBuildFile; fileRef = 9CC3E7CF28D802A00033DD0F /* DetailWeatherViewModel.swift */; };
		9CC3E7D228D803E20033DD0F /* Box.swift in Sources */ = {isa = PBXBuildFile; fileRef = 9CC3E7D128D803E20033DD0F /* Box.swift */; };
		9CCE78E028DA9CB50092FA18 /* SectionBackgroundDecorationView.swift in Sources */ = {isa = PBXBuildFile; fileRef = 9CCE78DF28DA9CB50092FA18 /* SectionBackgroundDecorationView.swift */; };
		9CCE78E228DAA3520092FA18 /* HourlyWeatherCollectionViewCell.swift in Sources */ = {isa = PBXBuildFile; fileRef = 9CCE78E128DAA3520092FA18 /* HourlyWeatherCollectionViewCell.swift */; };
		9CCE78E428DAC05A0092FA18 /* ForecastCellViewModel.swift in Sources */ = {isa = PBXBuildFile; fileRef = 9CCE78E328DAC05A0092FA18 /* ForecastCellViewModel.swift */; };
		9CCE78E628DC0DCB0092FA18 /* DailyForecastWeather.swift in Sources */ = {isa = PBXBuildFile; fileRef = 9CCE78E528DC0DCB0092FA18 /* DailyForecastWeather.swift */; };
		9CCE78E828DC2D690092FA18 /* DailyWeatherCollectionViewCell.swift in Sources */ = {isa = PBXBuildFile; fileRef = 9CCE78E728DC2D690092FA18 /* DailyWeatherCollectionViewCell.swift */; };
		B66294AA2A3943C100D0624D /* LocationsListView.swift in Sources */ = {isa = PBXBuildFile; fileRef = B66294A92A3943C100D0624D /* LocationsListView.swift */; };
		B66294AC2A394A3100D0624D /* MainCoordinator.swift in Sources */ = {isa = PBXBuildFile; fileRef = B66294AB2A394A3100D0624D /* MainCoordinator.swift */; };
		B66294AE2A394A8300D0624D /* MainBuilder.swift in Sources */ = {isa = PBXBuildFile; fileRef = B66294AD2A394A8300D0624D /* MainBuilder.swift */; };
		B66294B12A3A223400D0624D /* SearchViewModel.swift in Sources */ = {isa = PBXBuildFile; fileRef = B66294B02A3A223400D0624D /* SearchViewModel.swift */; };
		B66294B32A3BE8D000D0624D /* PagesViewModel.swift in Sources */ = {isa = PBXBuildFile; fileRef = B66294B22A3BE8D000D0624D /* PagesViewModel.swift */; };
		B66294B52A3FF94800D0624D /* CurrentWeatherViewModel.swift in Sources */ = {isa = PBXBuildFile; fileRef = B66294B42A3FF94800D0624D /* CurrentWeatherViewModel.swift */; };
		B66294B72A40005800D0624D /* HourlyForecastWeather.swift in Sources */ = {isa = PBXBuildFile; fileRef = B66294B62A40005800D0624D /* HourlyForecastWeather.swift */; };
/* End PBXBuildFile section */

/* Begin PBXFileReference section */
		9C05B7CF295BCE24001E26FE /* LocationsListSectionHeader.swift */ = {isa = PBXFileReference; lastKnownFileType = sourcecode.swift; path = LocationsListSectionHeader.swift; sourceTree = "<group>"; };
		9C280F1C28D2DD5500A4EBC7 /* WeatherFetchingService.swift */ = {isa = PBXFileReference; lastKnownFileType = sourcecode.swift; path = WeatherFetchingService.swift; sourceTree = "<group>"; };
		9C280F2028D4037900A4EBC7 /* GeocodingService.swift */ = {isa = PBXFileReference; lastKnownFileType = sourcecode.swift; path = GeocodingService.swift; sourceTree = "<group>"; };
		9C280F2228D4262200A4EBC7 /* Weather.swift */ = {isa = PBXFileReference; lastKnownFileType = sourcecode.swift; path = Weather.swift; sourceTree = "<group>"; };
		9C2E8E4328D15ADA00FFFB69 /* WeatherBuddy.app */ = {isa = PBXFileReference; explicitFileType = wrapper.application; includeInIndex = 0; path = WeatherBuddy.app; sourceTree = BUILT_PRODUCTS_DIR; };
		9C2E8E4628D15ADA00FFFB69 /* AppDelegate.swift */ = {isa = PBXFileReference; lastKnownFileType = sourcecode.swift; path = AppDelegate.swift; sourceTree = "<group>"; };
		9C2E8E4828D15ADA00FFFB69 /* SceneDelegate.swift */ = {isa = PBXFileReference; lastKnownFileType = sourcecode.swift; path = SceneDelegate.swift; sourceTree = "<group>"; };
		9C2E8E4F28D15ADB00FFFB69 /* Assets.xcassets */ = {isa = PBXFileReference; lastKnownFileType = folder.assetcatalog; path = Assets.xcassets; sourceTree = "<group>"; };
		9C2E8E5228D15ADB00FFFB69 /* Base */ = {isa = PBXFileReference; lastKnownFileType = file.storyboard; name = Base; path = Base.lproj/LaunchScreen.storyboard; sourceTree = "<group>"; };
		9C2E8E5428D15ADB00FFFB69 /* Info.plist */ = {isa = PBXFileReference; lastKnownFileType = text.plist.xml; path = Info.plist; sourceTree = "<group>"; };
		9C34A55328EA663B003FD3AA /* CurrentWeatherView.swift */ = {isa = PBXFileReference; lastKnownFileType = sourcecode.swift; path = CurrentWeatherView.swift; sourceTree = "<group>"; };
		9C34A55528EA6D45003FD3AA /* WeatherParametersView.swift */ = {isa = PBXFileReference; lastKnownFileType = sourcecode.swift; path = WeatherParametersView.swift; sourceTree = "<group>"; };
		9C34A55728EBCE17003FD3AA /* UIColorExtension.swift */ = {isa = PBXFileReference; lastKnownFileType = sourcecode.swift; path = UIColorExtension.swift; sourceTree = "<group>"; };
		9C34A55928ED398A003FD3AA /* WeatherPagesViewController.swift */ = {isa = PBXFileReference; lastKnownFileType = sourcecode.swift; path = WeatherPagesViewController.swift; sourceTree = "<group>"; };
		9C34A55B28ED4796003FD3AA /* WeatherController.swift */ = {isa = PBXFileReference; lastKnownFileType = sourcecode.swift; path = WeatherController.swift; sourceTree = "<group>"; };
		9C34A56128EE88DF003FD3AA /* WeatherBuddy.xcdatamodel */ = {isa = PBXFileReference; lastKnownFileType = wrapper.xcdatamodel; path = WeatherBuddy.xcdatamodel; sourceTree = "<group>"; };
		9C34A56328EE8A21003FD3AA /* CoreDataStack.swift */ = {isa = PBXFileReference; lastKnownFileType = sourcecode.swift; path = CoreDataStack.swift; sourceTree = "<group>"; };
		9C34A56B28EE90E1003FD3AA /* Location+CoreDataClass.swift */ = {isa = PBXFileReference; lastKnownFileType = sourcecode.swift; path = "Location+CoreDataClass.swift"; sourceTree = "<group>"; };
		9C34A56C28EE90E1003FD3AA /* Location+CoreDataProperties.swift */ = {isa = PBXFileReference; lastKnownFileType = sourcecode.swift; path = "Location+CoreDataProperties.swift"; sourceTree = "<group>"; };
		9C34A56F28F2A99C003FD3AA /* LocationsListVIewModel.swift */ = {isa = PBXFileReference; lastKnownFileType = sourcecode.swift; path = LocationsListVIewModel.swift; sourceTree = "<group>"; };
		9C34A57128F2AA90003FD3AA /* LocationsListCellViewModel.swift */ = {isa = PBXFileReference; lastKnownFileType = sourcecode.swift; path = LocationsListCellViewModel.swift; sourceTree = "<group>"; };
		9C34A57528F3CC02003FD3AA /* BriefCurrentWeather.swift */ = {isa = PBXFileReference; lastKnownFileType = sourcecode.swift; path = BriefCurrentWeather.swift; sourceTree = "<group>"; };
		9C34A59928F48F2D003FD3AA /* LocationsListViewController.swift */ = {isa = PBXFileReference; lastKnownFileType = sourcecode.swift; path = LocationsListViewController.swift; sourceTree = "<group>"; };
		9C34A59B28F503DB003FD3AA /* LocationsListTableViewCell.swift */ = {isa = PBXFileReference; lastKnownFileType = sourcecode.swift; path = LocationsListTableViewCell.swift; sourceTree = "<group>"; };
		9C52443128D9688D001864A9 /* ForecastResponse.swift */ = {isa = PBXFileReference; lastKnownFileType = sourcecode.swift; path = ForecastResponse.swift; sourceTree = "<group>"; };
		9C52443328D978A5001864A9 /* HourlyForecastCellViewModel.swift */ = {isa = PBXFileReference; lastKnownFileType = sourcecode.swift; path = HourlyForecastCellViewModel.swift; sourceTree = "<group>"; };
		9C52443528D978B7001864A9 /* DailyForecastCellViewModel.swift */ = {isa = PBXFileReference; lastKnownFileType = sourcecode.swift; path = DailyForecastCellViewModel.swift; sourceTree = "<group>"; };
		9C60030828F7A53C00EF95BA /* SearchTableViewController.swift */ = {isa = PBXFileReference; lastKnownFileType = sourcecode.swift; path = SearchTableViewController.swift; sourceTree = "<group>"; };
		9C60030C28F908D800EF95BA /* SearchingService.swift */ = {isa = PBXFileReference; lastKnownFileType = sourcecode.swift; path = SearchingService.swift; sourceTree = "<group>"; };
		9C60031028FE2EAB00EF95BA /* LocationsListDataSource.swift */ = {isa = PBXFileReference; lastKnownFileType = sourcecode.swift; path = LocationsListDataSource.swift; sourceTree = "<group>"; };
		9CA55F5F295D3CE100BD028D /* PushAnimator.swift */ = {isa = PBXFileReference; lastKnownFileType = sourcecode.swift; path = PushAnimator.swift; sourceTree = "<group>"; };
		9CC3E7C928D642440033DD0F /* WeatherDetailView.swift */ = {isa = PBXFileReference; lastKnownFileType = sourcecode.swift; path = WeatherDetailView.swift; sourceTree = "<group>"; };
		9CC3E7CB28D652850033DD0F /* LocationWeatherViewController.swift */ = {isa = PBXFileReference; lastKnownFileType = sourcecode.swift; path = LocationWeatherViewController.swift; sourceTree = "<group>"; };
		9CC3E7CD28D7F6850033DD0F /* LocationService.swift */ = {isa = PBXFileReference; lastKnownFileType = sourcecode.swift; path = LocationService.swift; sourceTree = "<group>"; };
		9CC3E7CF28D802A00033DD0F /* DetailWeatherViewModel.swift */ = {isa = PBXFileReference; lastKnownFileType = sourcecode.swift; path = DetailWeatherViewModel.swift; sourceTree = "<group>"; };
		9CC3E7D128D803E20033DD0F /* Box.swift */ = {isa = PBXFileReference; lastKnownFileType = sourcecode.swift; path = Box.swift; sourceTree = "<group>"; };
		9CCE78DF28DA9CB50092FA18 /* SectionBackgroundDecorationView.swift */ = {isa = PBXFileReference; lastKnownFileType = sourcecode.swift; path = SectionBackgroundDecorationView.swift; sourceTree = "<group>"; };
		9CCE78E128DAA3520092FA18 /* HourlyWeatherCollectionViewCell.swift */ = {isa = PBXFileReference; lastKnownFileType = sourcecode.swift; path = HourlyWeatherCollectionViewCell.swift; sourceTree = "<group>"; };
		9CCE78E328DAC05A0092FA18 /* ForecastCellViewModel.swift */ = {isa = PBXFileReference; lastKnownFileType = sourcecode.swift; path = ForecastCellViewModel.swift; sourceTree = "<group>"; };
		9CCE78E528DC0DCB0092FA18 /* DailyForecastWeather.swift */ = {isa = PBXFileReference; lastKnownFileType = sourcecode.swift; path = DailyForecastWeather.swift; sourceTree = "<group>"; };
		9CCE78E728DC2D690092FA18 /* DailyWeatherCollectionViewCell.swift */ = {isa = PBXFileReference; lastKnownFileType = sourcecode.swift; path = DailyWeatherCollectionViewCell.swift; sourceTree = "<group>"; };
		B66294A92A3943C100D0624D /* LocationsListView.swift */ = {isa = PBXFileReference; lastKnownFileType = sourcecode.swift; path = LocationsListView.swift; sourceTree = "<group>"; };
		B66294AB2A394A3100D0624D /* MainCoordinator.swift */ = {isa = PBXFileReference; lastKnownFileType = sourcecode.swift; path = MainCoordinator.swift; sourceTree = "<group>"; };
		B66294AD2A394A8300D0624D /* MainBuilder.swift */ = {isa = PBXFileReference; lastKnownFileType = sourcecode.swift; path = MainBuilder.swift; sourceTree = "<group>"; };
		B66294B02A3A223400D0624D /* SearchViewModel.swift */ = {isa = PBXFileReference; lastKnownFileType = sourcecode.swift; path = SearchViewModel.swift; sourceTree = "<group>"; };
		B66294B22A3BE8D000D0624D /* PagesViewModel.swift */ = {isa = PBXFileReference; lastKnownFileType = sourcecode.swift; path = PagesViewModel.swift; sourceTree = "<group>"; };
		B66294B42A3FF94800D0624D /* CurrentWeatherViewModel.swift */ = {isa = PBXFileReference; lastKnownFileType = sourcecode.swift; path = CurrentWeatherViewModel.swift; sourceTree = "<group>"; };
		B66294B62A40005800D0624D /* HourlyForecastWeather.swift */ = {isa = PBXFileReference; lastKnownFileType = sourcecode.swift; path = HourlyForecastWeather.swift; sourceTree = "<group>"; };
/* End PBXFileReference section */

/* Begin PBXFrameworksBuildPhase section */
		9C2E8E4028D15ADA00FFFB69 /* Frameworks */ = {
			isa = PBXFrameworksBuildPhase;
			buildActionMask = 2147483647;
			files = (
			);
			runOnlyForDeploymentPostprocessing = 0;
		};
/* End PBXFrameworksBuildPhase section */

/* Begin PBXGroup section */
		9C280F1928D2DCE200A4EBC7 /* Services */ = {
			isa = PBXGroup;
			children = (
				9C34A55B28ED4796003FD3AA /* WeatherController.swift */,
				9C280F1C28D2DD5500A4EBC7 /* WeatherFetchingService.swift */,
				9C280F2028D4037900A4EBC7 /* GeocodingService.swift */,
				9CC3E7CD28D7F6850033DD0F /* LocationService.swift */,
				9C60030C28F908D800EF95BA /* SearchingService.swift */,
			);
			path = Services;
			sourceTree = "<group>";
		};
		9C2E8E3A28D15ADA00FFFB69 = {
			isa = PBXGroup;
			children = (
				9C2E8E4528D15ADA00FFFB69 /* WeatherBuddy */,
				9C2E8E4428D15ADA00FFFB69 /* Products */,
			);
			sourceTree = "<group>";
		};
		9C2E8E4428D15ADA00FFFB69 /* Products */ = {
			isa = PBXGroup;
			children = (
				9C2E8E4328D15ADA00FFFB69 /* WeatherBuddy.app */,
			);
			name = Products;
			sourceTree = "<group>";
		};
		9C2E8E4528D15ADA00FFFB69 /* WeatherBuddy */ = {
			isa = PBXGroup;
			children = (
				B662949E2A389A5900D0624D /* Modules */,
				9C2E8E5B28D15B4000FFFB69 /* App */,
				9C2E8E5A28D15B3400FFFB69 /* Models */,
				9C2E8E5F28D15B6A00FFFB69 /* Resources */,
				9C280F1928D2DCE200A4EBC7 /* Services */,
				9C2E8E6028D15B7100FFFB69 /* Utilities and extensions */,
			);
			path = WeatherBuddy;
			sourceTree = "<group>";
		};
		9C2E8E5A28D15B3400FFFB69 /* Models */ = {
			isa = PBXGroup;
			children = (
				9C34A56B28EE90E1003FD3AA /* Location+CoreDataClass.swift */,
				9C34A56C28EE90E1003FD3AA /* Location+CoreDataProperties.swift */,
				9C52443128D9688D001864A9 /* ForecastResponse.swift */,
				9C280F2228D4262200A4EBC7 /* Weather.swift */,
				9CCE78E528DC0DCB0092FA18 /* DailyForecastWeather.swift */,
				B66294B62A40005800D0624D /* HourlyForecastWeather.swift */,
				9C34A57528F3CC02003FD3AA /* BriefCurrentWeather.swift */,
			);
			path = Models;
			sourceTree = "<group>";
		};
		9C2E8E5B28D15B4000FFFB69 /* App */ = {
			isa = PBXGroup;
			children = (
				9C2E8E5128D15ADB00FFFB69 /* LaunchScreen.storyboard */,
				9C2E8E4628D15ADA00FFFB69 /* AppDelegate.swift */,
				9C2E8E4828D15ADA00FFFB69 /* SceneDelegate.swift */,
				B66294AB2A394A3100D0624D /* MainCoordinator.swift */,
				B66294AD2A394A8300D0624D /* MainBuilder.swift */,
			);
			path = App;
			sourceTree = "<group>";
		};
		9C2E8E5F28D15B6A00FFFB69 /* Resources */ = {
			isa = PBXGroup;
			children = (
				9C2E8E4F28D15ADB00FFFB69 /* Assets.xcassets */,
				9C2E8E5428D15ADB00FFFB69 /* Info.plist */,
				9C34A56028EE88DF003FD3AA /* WeatherBuddy.xcdatamodeld */,
			);
			path = Resources;
			sourceTree = "<group>";
		};
		9C2E8E6028D15B7100FFFB69 /* Utilities and extensions */ = {
			isa = PBXGroup;
			children = (
				9CC3E7D128D803E20033DD0F /* Box.swift */,
				9C34A55728EBCE17003FD3AA /* UIColorExtension.swift */,
				9C34A56328EE8A21003FD3AA /* CoreDataStack.swift */,
				9CA55F5F295D3CE100BD028D /* PushAnimator.swift */,
			);
			path = "Utilities and extensions";
			sourceTree = "<group>";
		};
		B662949E2A389A5900D0624D /* Modules */ = {
			isa = PBXGroup;
			children = (
				B662949F2A389A7000D0624D /* UserLocationsListScreen */,
				B66294A22A389E7800D0624D /* LocationWeatherScreen */,
				B66294A72A38ADC400D0624D /* SearchScreen */,
			);
			path = Modules;
			sourceTree = "<group>";
		};
		B662949F2A389A7000D0624D /* UserLocationsListScreen */ = {
			isa = PBXGroup;
			children = (
				B66294A12A389A8900D0624D /* ViewModel */,
				B66294A02A389A8100D0624D /* View */,
			);
			path = UserLocationsListScreen;
			sourceTree = "<group>";
		};
		B66294A02A389A8100D0624D /* View */ = {
			isa = PBXGroup;
			children = (
				9C34A59928F48F2D003FD3AA /* LocationsListViewController.swift */,
				9C60031028FE2EAB00EF95BA /* LocationsListDataSource.swift */,
				9C34A59B28F503DB003FD3AA /* LocationsListTableViewCell.swift */,
				9C05B7CF295BCE24001E26FE /* LocationsListSectionHeader.swift */,
				B66294A92A3943C100D0624D /* LocationsListView.swift */,
			);
			path = View;
			sourceTree = "<group>";
		};
		B66294A12A389A8900D0624D /* ViewModel */ = {
			isa = PBXGroup;
			children = (
				9C34A56F28F2A99C003FD3AA /* LocationsListVIewModel.swift */,
				9C34A57128F2AA90003FD3AA /* LocationsListCellViewModel.swift */,
			);
			path = ViewModel;
			sourceTree = "<group>";
		};
		B66294A22A389E7800D0624D /* LocationWeatherScreen */ = {
			isa = PBXGroup;
			children = (
				B66294A32A389E9C00D0624D /* View */,
				B66294A42A389EA500D0624D /* ViewModel */,
			);
			path = LocationWeatherScreen;
			sourceTree = "<group>";
		};
		B66294A32A389E9C00D0624D /* View */ = {
			isa = PBXGroup;
			children = (
				9CC3E7C928D642440033DD0F /* WeatherDetailView.swift */,
				9C34A55328EA663B003FD3AA /* CurrentWeatherView.swift */,
				9C34A55528EA6D45003FD3AA /* WeatherParametersView.swift */,
				9CCE78DF28DA9CB50092FA18 /* SectionBackgroundDecorationView.swift */,
				B66294A52A38AC4800D0624D /* Controllers */,
				B66294A62A38AC6600D0624D /* Cells */,
			);
			path = View;
			sourceTree = "<group>";
		};
		B66294A42A389EA500D0624D /* ViewModel */ = {
			isa = PBXGroup;
			children = (
				B66294B22A3BE8D000D0624D /* PagesViewModel.swift */,
				9CC3E7CF28D802A00033DD0F /* DetailWeatherViewModel.swift */,
				B66294B42A3FF94800D0624D /* CurrentWeatherViewModel.swift */,
				9CCE78E328DAC05A0092FA18 /* ForecastCellViewModel.swift */,
				9C52443528D978B7001864A9 /* DailyForecastCellViewModel.swift */,
				9C52443328D978A5001864A9 /* HourlyForecastCellViewModel.swift */,
			);
			path = ViewModel;
			sourceTree = "<group>";
		};
		B66294A52A38AC4800D0624D /* Controllers */ = {
			isa = PBXGroup;
			children = (
				9C34A55928ED398A003FD3AA /* WeatherPagesViewController.swift */,
				9CC3E7CB28D652850033DD0F /* LocationWeatherViewController.swift */,
			);
			path = Controllers;
			sourceTree = "<group>";
		};
		B66294A62A38AC6600D0624D /* Cells */ = {
			isa = PBXGroup;
			children = (
				9CCE78E128DAA3520092FA18 /* HourlyWeatherCollectionViewCell.swift */,
				9CCE78E728DC2D690092FA18 /* DailyWeatherCollectionViewCell.swift */,
			);
			path = Cells;
			sourceTree = "<group>";
		};
		B66294A72A38ADC400D0624D /* SearchScreen */ = {
			isa = PBXGroup;
			children = (
				B66294AF2A3A222800D0624D /* ViewModel */,
				B66294A82A38ADDA00D0624D /* View */,
			);
			path = SearchScreen;
			sourceTree = "<group>";
		};
		B66294A82A38ADDA00D0624D /* View */ = {
			isa = PBXGroup;
			children = (
				9C60030828F7A53C00EF95BA /* SearchTableViewController.swift */,
			);
			path = View;
			sourceTree = "<group>";
		};
		B66294AF2A3A222800D0624D /* ViewModel */ = {
			isa = PBXGroup;
			children = (
				B66294B02A3A223400D0624D /* SearchViewModel.swift */,
			);
			path = ViewModel;
			sourceTree = "<group>";
		};
/* End PBXGroup section */

/* Begin PBXNativeTarget section */
		9C2E8E4228D15ADA00FFFB69 /* WeatherBuddy */ = {
			isa = PBXNativeTarget;
			buildConfigurationList = 9C2E8E5728D15ADB00FFFB69 /* Build configuration list for PBXNativeTarget "WeatherBuddy" */;
			buildPhases = (
				9C2E8E3F28D15ADA00FFFB69 /* Sources */,
				9C2E8E4028D15ADA00FFFB69 /* Frameworks */,
				9C2E8E4128D15ADA00FFFB69 /* Resources */,
			);
			buildRules = (
			);
			dependencies = (
			);
			name = WeatherBuddy;
			productName = WeatherBuddy;
			productReference = 9C2E8E4328D15ADA00FFFB69 /* WeatherBuddy.app */;
			productType = "com.apple.product-type.application";
		};
/* End PBXNativeTarget section */

/* Begin PBXProject section */
		9C2E8E3B28D15ADA00FFFB69 /* Project object */ = {
			isa = PBXProject;
			attributes = {
				BuildIndependentTargetsInParallel = 1;
				LastSwiftUpdateCheck = 1340;
				LastUpgradeCheck = 1340;
				TargetAttributes = {
					9C2E8E4228D15ADA00FFFB69 = {
						CreatedOnToolsVersion = 13.4.1;
					};
				};
			};
			buildConfigurationList = 9C2E8E3E28D15ADA00FFFB69 /* Build configuration list for PBXProject "WeatherBuddy" */;
			compatibilityVersion = "Xcode 13.0";
			developmentRegion = en;
			hasScannedForEncodings = 0;
			knownRegions = (
				en,
				Base,
			);
			mainGroup = 9C2E8E3A28D15ADA00FFFB69;
			productRefGroup = 9C2E8E4428D15ADA00FFFB69 /* Products */;
			projectDirPath = "";
			projectRoot = "";
			targets = (
				9C2E8E4228D15ADA00FFFB69 /* WeatherBuddy */,
			);
		};
/* End PBXProject section */

/* Begin PBXResourcesBuildPhase section */
		9C2E8E4128D15ADA00FFFB69 /* Resources */ = {
			isa = PBXResourcesBuildPhase;
			buildActionMask = 2147483647;
			files = (
				9C2E8E5328D15ADB00FFFB69 /* LaunchScreen.storyboard in Resources */,
				9C2E8E5028D15ADB00FFFB69 /* Assets.xcassets in Resources */,
			);
			runOnlyForDeploymentPostprocessing = 0;
		};
/* End PBXResourcesBuildPhase section */

/* Begin PBXSourcesBuildPhase section */
		9C2E8E3F28D15ADA00FFFB69 /* Sources */ = {
			isa = PBXSourcesBuildPhase;
			buildActionMask = 2147483647;
			files = (
				9C34A56D28EE90E1003FD3AA /* Location+CoreDataClass.swift in Sources */,
				9C60030D28F908D800EF95BA /* SearchingService.swift in Sources */,
				9C2E8E4728D15ADA00FFFB69 /* AppDelegate.swift in Sources */,
				9C280F2128D4037900A4EBC7 /* GeocodingService.swift in Sources */,
				9C280F1D28D2DD5500A4EBC7 /* WeatherFetchingService.swift in Sources */,
				9C34A57628F3CC02003FD3AA /* BriefCurrentWeather.swift in Sources */,
				9C52443228D9688D001864A9 /* ForecastResponse.swift in Sources */,
				9C34A56E28EE90E1003FD3AA /* Location+CoreDataProperties.swift in Sources */,
				B66294B72A40005800D0624D /* HourlyForecastWeather.swift in Sources */,
				9C60031128FE2EAB00EF95BA /* LocationsListDataSource.swift in Sources */,
				9CCE78E628DC0DCB0092FA18 /* DailyForecastWeather.swift in Sources */,
				B66294AC2A394A3100D0624D /* MainCoordinator.swift in Sources */,
				B66294B12A3A223400D0624D /* SearchViewModel.swift in Sources */,
				9C34A59C28F503DB003FD3AA /* LocationsListTableViewCell.swift in Sources */,
				9CCE78E828DC2D690092FA18 /* DailyWeatherCollectionViewCell.swift in Sources */,
				9C34A59A28F48F2D003FD3AA /* LocationsListViewController.swift in Sources */,
				9CC3E7CA28D642440033DD0F /* WeatherDetailView.swift in Sources */,
				9C34A57228F2AA90003FD3AA /* LocationsListCellViewModel.swift in Sources */,
				9C34A55A28ED398A003FD3AA /* WeatherPagesViewController.swift in Sources */,
				9CC3E7D228D803E20033DD0F /* Box.swift in Sources */,
				9CCE78E228DAA3520092FA18 /* HourlyWeatherCollectionViewCell.swift in Sources */,
				9C34A56228EE88DF003FD3AA /* WeatherBuddy.xcdatamodeld in Sources */,
				B66294B32A3BE8D000D0624D /* PagesViewModel.swift in Sources */,
				9CA55F60295D3CE100BD028D /* PushAnimator.swift in Sources */,
				9C280F2328D4262200A4EBC7 /* Weather.swift in Sources */,
				9C34A55C28ED4796003FD3AA /* WeatherController.swift in Sources */,
				9CC3E7CC28D652850033DD0F /* LocationWeatherViewController.swift in Sources */,
				B66294AE2A394A8300D0624D /* MainBuilder.swift in Sources */,
				9C05B7D0295BCE24001E26FE /* LocationsListSectionHeader.swift in Sources */,
				9CCE78E428DAC05A0092FA18 /* ForecastCellViewModel.swift in Sources */,
				9C52443428D978A5001864A9 /* HourlyForecastCellViewModel.swift in Sources */,
				9CC3E7D028D802A00033DD0F /* DetailWeatherViewModel.swift in Sources */,
				9C34A57028F2A99C003FD3AA /* LocationsListVIewModel.swift in Sources */,
				9C52443628D978B7001864A9 /* DailyForecastCellViewModel.swift in Sources */,
				9C34A56428EE8A21003FD3AA /* CoreDataStack.swift in Sources */,
				9C60030928F7A53C00EF95BA /* SearchTableViewController.swift in Sources */,
				9CC3E7CE28D7F6850033DD0F /* LocationService.swift in Sources */,
				9C34A55428EA663B003FD3AA /* CurrentWeatherView.swift in Sources */,
				B66294AA2A3943C100D0624D /* LocationsListView.swift in Sources */,
				9CCE78E028DA9CB50092FA18 /* SectionBackgroundDecorationView.swift in Sources */,
				9C34A55828EBCE17003FD3AA /* UIColorExtension.swift in Sources */,
				B66294B52A3FF94800D0624D /* CurrentWeatherViewModel.swift in Sources */,
				9C2E8E4928D15ADA00FFFB69 /* SceneDelegate.swift in Sources */,
				9C34A55628EA6D45003FD3AA /* WeatherParametersView.swift in Sources */,
			);
			runOnlyForDeploymentPostprocessing = 0;
		};
/* End PBXSourcesBuildPhase section */

/* Begin PBXVariantGroup section */
		9C2E8E5128D15ADB00FFFB69 /* LaunchScreen.storyboard */ = {
			isa = PBXVariantGroup;
			children = (
				9C2E8E5228D15ADB00FFFB69 /* Base */,
			);
			name = LaunchScreen.storyboard;
			sourceTree = "<group>";
		};
/* End PBXVariantGroup section */

/* Begin XCBuildConfiguration section */
		9C2E8E5528D15ADB00FFFB69 /* Debug */ = {
			isa = XCBuildConfiguration;
			buildSettings = {
				ALWAYS_SEARCH_USER_PATHS = NO;
				CLANG_ANALYZER_NONNULL = YES;
				CLANG_ANALYZER_NUMBER_OBJECT_CONVERSION = YES_AGGRESSIVE;
				CLANG_CXX_LANGUAGE_STANDARD = "gnu++17";
				CLANG_ENABLE_MODULES = YES;
				CLANG_ENABLE_OBJC_ARC = YES;
				CLANG_ENABLE_OBJC_WEAK = YES;
				CLANG_WARN_BLOCK_CAPTURE_AUTORELEASING = YES;
				CLANG_WARN_BOOL_CONVERSION = YES;
				CLANG_WARN_COMMA = YES;
				CLANG_WARN_CONSTANT_CONVERSION = YES;
				CLANG_WARN_DEPRECATED_OBJC_IMPLEMENTATIONS = YES;
				CLANG_WARN_DIRECT_OBJC_ISA_USAGE = YES_ERROR;
				CLANG_WARN_DOCUMENTATION_COMMENTS = YES;
				CLANG_WARN_EMPTY_BODY = YES;
				CLANG_WARN_ENUM_CONVERSION = YES;
				CLANG_WARN_INFINITE_RECURSION = YES;
				CLANG_WARN_INT_CONVERSION = YES;
				CLANG_WARN_NON_LITERAL_NULL_CONVERSION = YES;
				CLANG_WARN_OBJC_IMPLICIT_RETAIN_SELF = YES;
				CLANG_WARN_OBJC_LITERAL_CONVERSION = YES;
				CLANG_WARN_OBJC_ROOT_CLASS = YES_ERROR;
				CLANG_WARN_QUOTED_INCLUDE_IN_FRAMEWORK_HEADER = YES;
				CLANG_WARN_RANGE_LOOP_ANALYSIS = YES;
				CLANG_WARN_STRICT_PROTOTYPES = YES;
				CLANG_WARN_SUSPICIOUS_MOVE = YES;
				CLANG_WARN_UNGUARDED_AVAILABILITY = YES_AGGRESSIVE;
				CLANG_WARN_UNREACHABLE_CODE = YES;
				CLANG_WARN__DUPLICATE_METHOD_MATCH = YES;
				COPY_PHASE_STRIP = NO;
				DEBUG_INFORMATION_FORMAT = dwarf;
				ENABLE_STRICT_OBJC_MSGSEND = YES;
				ENABLE_TESTABILITY = YES;
				GCC_C_LANGUAGE_STANDARD = gnu11;
				GCC_DYNAMIC_NO_PIC = NO;
				GCC_NO_COMMON_BLOCKS = YES;
				GCC_OPTIMIZATION_LEVEL = 0;
				GCC_PREPROCESSOR_DEFINITIONS = (
					"DEBUG=1",
					"$(inherited)",
				);
				GCC_WARN_64_TO_32_BIT_CONVERSION = YES;
				GCC_WARN_ABOUT_RETURN_TYPE = YES_ERROR;
				GCC_WARN_UNDECLARED_SELECTOR = YES;
				GCC_WARN_UNINITIALIZED_AUTOS = YES_AGGRESSIVE;
				GCC_WARN_UNUSED_FUNCTION = YES;
				GCC_WARN_UNUSED_VARIABLE = YES;
				IPHONEOS_DEPLOYMENT_TARGET = 15.5;
				MTL_ENABLE_DEBUG_INFO = INCLUDE_SOURCE;
				MTL_FAST_MATH = YES;
				ONLY_ACTIVE_ARCH = YES;
				SDKROOT = iphoneos;
				SWIFT_ACTIVE_COMPILATION_CONDITIONS = DEBUG;
				SWIFT_OPTIMIZATION_LEVEL = "-Onone";
			};
			name = Debug;
		};
		9C2E8E5628D15ADB00FFFB69 /* Release */ = {
			isa = XCBuildConfiguration;
			buildSettings = {
				ALWAYS_SEARCH_USER_PATHS = NO;
				CLANG_ANALYZER_NONNULL = YES;
				CLANG_ANALYZER_NUMBER_OBJECT_CONVERSION = YES_AGGRESSIVE;
				CLANG_CXX_LANGUAGE_STANDARD = "gnu++17";
				CLANG_ENABLE_MODULES = YES;
				CLANG_ENABLE_OBJC_ARC = YES;
				CLANG_ENABLE_OBJC_WEAK = YES;
				CLANG_WARN_BLOCK_CAPTURE_AUTORELEASING = YES;
				CLANG_WARN_BOOL_CONVERSION = YES;
				CLANG_WARN_COMMA = YES;
				CLANG_WARN_CONSTANT_CONVERSION = YES;
				CLANG_WARN_DEPRECATED_OBJC_IMPLEMENTATIONS = YES;
				CLANG_WARN_DIRECT_OBJC_ISA_USAGE = YES_ERROR;
				CLANG_WARN_DOCUMENTATION_COMMENTS = YES;
				CLANG_WARN_EMPTY_BODY = YES;
				CLANG_WARN_ENUM_CONVERSION = YES;
				CLANG_WARN_INFINITE_RECURSION = YES;
				CLANG_WARN_INT_CONVERSION = YES;
				CLANG_WARN_NON_LITERAL_NULL_CONVERSION = YES;
				CLANG_WARN_OBJC_IMPLICIT_RETAIN_SELF = YES;
				CLANG_WARN_OBJC_LITERAL_CONVERSION = YES;
				CLANG_WARN_OBJC_ROOT_CLASS = YES_ERROR;
				CLANG_WARN_QUOTED_INCLUDE_IN_FRAMEWORK_HEADER = YES;
				CLANG_WARN_RANGE_LOOP_ANALYSIS = YES;
				CLANG_WARN_STRICT_PROTOTYPES = YES;
				CLANG_WARN_SUSPICIOUS_MOVE = YES;
				CLANG_WARN_UNGUARDED_AVAILABILITY = YES_AGGRESSIVE;
				CLANG_WARN_UNREACHABLE_CODE = YES;
				CLANG_WARN__DUPLICATE_METHOD_MATCH = YES;
				COPY_PHASE_STRIP = NO;
				DEBUG_INFORMATION_FORMAT = "dwarf-with-dsym";
				ENABLE_NS_ASSERTIONS = NO;
				ENABLE_STRICT_OBJC_MSGSEND = YES;
				GCC_C_LANGUAGE_STANDARD = gnu11;
				GCC_NO_COMMON_BLOCKS = YES;
				GCC_WARN_64_TO_32_BIT_CONVERSION = YES;
				GCC_WARN_ABOUT_RETURN_TYPE = YES_ERROR;
				GCC_WARN_UNDECLARED_SELECTOR = YES;
				GCC_WARN_UNINITIALIZED_AUTOS = YES_AGGRESSIVE;
				GCC_WARN_UNUSED_FUNCTION = YES;
				GCC_WARN_UNUSED_VARIABLE = YES;
				IPHONEOS_DEPLOYMENT_TARGET = 15.5;
				MTL_ENABLE_DEBUG_INFO = NO;
				MTL_FAST_MATH = YES;
				SDKROOT = iphoneos;
				SWIFT_COMPILATION_MODE = wholemodule;
				SWIFT_OPTIMIZATION_LEVEL = "-O";
				VALIDATE_PRODUCT = YES;
			};
			name = Release;
		};
		9C2E8E5828D15ADB00FFFB69 /* Debug */ = {
			isa = XCBuildConfiguration;
			buildSettings = {
				ASSETCATALOG_COMPILER_APPICON_NAME = AppIcon;
				ASSETCATALOG_COMPILER_GLOBAL_ACCENT_COLOR_NAME = AccentColor;
				CODE_SIGN_STYLE = Automatic;
				CURRENT_PROJECT_VERSION = 1;
				DEVELOPMENT_TEAM = D5XZHDVBDY;
				GENERATE_INFOPLIST_FILE = YES;
				INFOPLIST_FILE = WeatherBuddy/Resources/Info.plist;
				INFOPLIST_KEY_UIApplicationSupportsIndirectInputEvents = YES;
				INFOPLIST_KEY_UILaunchStoryboardName = LaunchScreen;
				INFOPLIST_KEY_UISupportedInterfaceOrientations_iPad = "UIInterfaceOrientationPortrait UIInterfaceOrientationPortraitUpsideDown UIInterfaceOrientationLandscapeLeft UIInterfaceOrientationLandscapeRight";
				INFOPLIST_KEY_UISupportedInterfaceOrientations_iPhone = "UIInterfaceOrientationPortrait UIInterfaceOrientationLandscapeLeft UIInterfaceOrientationLandscapeRight";
				IPHONEOS_DEPLOYMENT_TARGET = 15.5;
				LD_RUNPATH_SEARCH_PATHS = (
					"$(inherited)",
					"@executable_path/Frameworks",
				);
				MARKETING_VERSION = 1.0;
				PRODUCT_BUNDLE_IDENTIFIER = com.artemykv.WeatherBuddy;
				PRODUCT_NAME = "$(TARGET_NAME)";
				SWIFT_EMIT_LOC_STRINGS = YES;
				SWIFT_VERSION = 5.0;
				TARGETED_DEVICE_FAMILY = "1,2";
			};
			name = Debug;
		};
		9C2E8E5928D15ADB00FFFB69 /* Release */ = {
			isa = XCBuildConfiguration;
			buildSettings = {
				ASSETCATALOG_COMPILER_APPICON_NAME = AppIcon;
				ASSETCATALOG_COMPILER_GLOBAL_ACCENT_COLOR_NAME = AccentColor;
				CODE_SIGN_STYLE = Automatic;
				CURRENT_PROJECT_VERSION = 1;
				DEVELOPMENT_TEAM = D5XZHDVBDY;
				GENERATE_INFOPLIST_FILE = YES;
				INFOPLIST_FILE = WeatherBuddy/Resources/Info.plist;
				INFOPLIST_KEY_UIApplicationSupportsIndirectInputEvents = YES;
				INFOPLIST_KEY_UILaunchStoryboardName = LaunchScreen;
				INFOPLIST_KEY_UISupportedInterfaceOrientations_iPad = "UIInterfaceOrientationPortrait UIInterfaceOrientationPortraitUpsideDown UIInterfaceOrientationLandscapeLeft UIInterfaceOrientationLandscapeRight";
				INFOPLIST_KEY_UISupportedInterfaceOrientations_iPhone = "UIInterfaceOrientationPortrait UIInterfaceOrientationLandscapeLeft UIInterfaceOrientationLandscapeRight";
				IPHONEOS_DEPLOYMENT_TARGET = 15.5;
				LD_RUNPATH_SEARCH_PATHS = (
					"$(inherited)",
					"@executable_path/Frameworks",
				);
				MARKETING_VERSION = 1.0;
				PRODUCT_BUNDLE_IDENTIFIER = com.artemykv.WeatherBuddy;
				PRODUCT_NAME = "$(TARGET_NAME)";
				SWIFT_EMIT_LOC_STRINGS = YES;
				SWIFT_VERSION = 5.0;
				TARGETED_DEVICE_FAMILY = "1,2";
			};
			name = Release;
		};
/* End XCBuildConfiguration section */

/* Begin XCConfigurationList section */
		9C2E8E3E28D15ADA00FFFB69 /* Build configuration list for PBXProject "WeatherBuddy" */ = {
			isa = XCConfigurationList;
			buildConfigurations = (
				9C2E8E5528D15ADB00FFFB69 /* Debug */,
				9C2E8E5628D15ADB00FFFB69 /* Release */,
			);
			defaultConfigurationIsVisible = 0;
			defaultConfigurationName = Release;
		};
		9C2E8E5728D15ADB00FFFB69 /* Build configuration list for PBXNativeTarget "WeatherBuddy" */ = {
			isa = XCConfigurationList;
			buildConfigurations = (
				9C2E8E5828D15ADB00FFFB69 /* Debug */,
				9C2E8E5928D15ADB00FFFB69 /* Release */,
			);
			defaultConfigurationIsVisible = 0;
			defaultConfigurationName = Release;
		};
/* End XCConfigurationList section */

/* Begin XCVersionGroup section */
		9C34A56028EE88DF003FD3AA /* WeatherBuddy.xcdatamodeld */ = {
			isa = XCVersionGroup;
			children = (
				9C34A56128EE88DF003FD3AA /* WeatherBuddy.xcdatamodel */,
			);
			currentVersion = 9C34A56128EE88DF003FD3AA /* WeatherBuddy.xcdatamodel */;
			path = WeatherBuddy.xcdatamodeld;
			sourceTree = "<group>";
			versionGroupType = wrapper.xcdatamodel;
		};
/* End XCVersionGroup section */
	};
	rootObject = 9C2E8E3B28D15ADA00FFFB69 /* Project object */;
}
